// !$*UTF8*$!
{
	archiveVersion = 1;
	classes = {
	};
	objectVersion = 56;
	objects = {

/* Begin PBXBuildFile section */
		2275D5FD2CA9931800C16C8B /* TicTacToeApp.swift in Sources */ = {isa = PBXBuildFile; fileRef = 2275D5FC2CA9931800C16C8B /* TicTacToeApp.swift */; };
		2275D6012CA9931A00C16C8B /* Assets.xcassets in Resources */ = {isa = PBXBuildFile; fileRef = 2275D6002CA9931A00C16C8B /* Assets.xcassets */; };
		2275D6042CA9931A00C16C8B /* Preview Assets.xcassets in Resources */ = {isa = PBXBuildFile; fileRef = 2275D6032CA9931A00C16C8B /* Preview Assets.xcassets */; };
		480507432CAC5ED6005EB458 /* Color + Ext.swift in Sources */ = {isa = PBXBuildFile; fileRef = 4805073D2CAC5ED6005EB458 /* Color + Ext.swift */; };
		480507442CAC5ED6005EB458 /* GameModeLabel.swift in Sources */ = {isa = PBXBuildFile; fileRef = 4805073F2CAC5ED6005EB458 /* GameModeLabel.swift */; };
		480507452CAC5ED6005EB458 /* GameModesView.swift in Sources */ = {isa = PBXBuildFile; fileRef = 480507412CAC5ED6005EB458 /* GameModesView.swift */; };
		48075E902CAAFD9300811224 /* PlayerIconView.swift in Sources */ = {isa = PBXBuildFile; fileRef = 48075E8F2CAAFD9300811224 /* PlayerIconView.swift */; };
		48075E922CAAFE7200811224 /* PlayingFieldView.swift in Sources */ = {isa = PBXBuildFile; fileRef = 48075E912CAAFE7200811224 /* PlayingFieldView.swift */; };
		484AFD6A2CAD3CDC007CD7B4 /* Int+Ex.swift in Sources */ = {isa = PBXBuildFile; fileRef = 484AFD692CAD3CDC007CD7B4 /* Int+Ex.swift */; };
		484AFD6C2CAD4D43007CD7B4 /* View+Ex.swift in Sources */ = {isa = PBXBuildFile; fileRef = 484AFD6B2CAD4D43007CD7B4 /* View+Ex.swift */; };
		484AFD6F2CAD5C02007CD7B4 /* ResultButton.swift in Sources */ = {isa = PBXBuildFile; fileRef = 484AFD6E2CAD5C02007CD7B4 /* ResultButton.swift */; };
		4876F0272CAD2FC500C13A46 /* ResultView.swift in Sources */ = {isa = PBXBuildFile; fileRef = 4876F0262CAD2FC500C13A46 /* ResultView.swift */; };
		487C8F082CA9BE20000C3486 /* GameView.swift in Sources */ = {isa = PBXBuildFile; fileRef = 487C8F072CA9BE20000C3486 /* GameView.swift */; };
		4888FD8E2CAA8B7E00F1CE8B /* GameViewModel.swift in Sources */ = {isa = PBXBuildFile; fileRef = 4888FD8D2CAA8B7E00F1CE8B /* GameViewModel.swift */; };
		4888FD902CAAADEE00F1CE8B /* GameSquare.swift in Sources */ = {isa = PBXBuildFile; fileRef = 4888FD8F2CAAADEE00F1CE8B /* GameSquare.swift */; };
		4888FD922CAAAE1100F1CE8B /* Player.swift in Sources */ = {isa = PBXBuildFile; fileRef = 4888FD912CAAAE1100F1CE8B /* Player.swift */; };
		4888FD942CAAAE2300F1CE8B /* Move.swift in Sources */ = {isa = PBXBuildFile; fileRef = 4888FD932CAAAE2300F1CE8B /* Move.swift */; };
		48DABBF52CABD38800B92FF4 /* WinningLineView.swift in Sources */ = {isa = PBXBuildFile; fileRef = 48DABBF42CABD38800B92FF4 /* WinningLineView.swift */; };
		7945FE2B2CAD6D13004749A9 /* SettingsView.swift in Sources */ = {isa = PBXBuildFile; fileRef = 7945FE2A2CAD6D13004749A9 /* SettingsView.swift */; };
		7945FE2D2CAD80AA004749A9 /* TimerView.swift in Sources */ = {isa = PBXBuildFile; fileRef = 7945FE2C2CAD80AA004749A9 /* TimerView.swift */; };
		7945FE302CAD86D6004749A9 /* SkinSelectionView.swift in Sources */ = {isa = PBXBuildFile; fileRef = 7945FE2F2CAD86D6004749A9 /* SkinSelectionView.swift */; };
		79B40DC92CAC73C60062B8C7 /* Settings.swift in Sources */ = {isa = PBXBuildFile; fileRef = 79B40DC82CAC73C60062B8C7 /* Settings.swift */; };
		79B40DCC2CAC74FC0062B8C7 /* StorageManager.swift in Sources */ = {isa = PBXBuildFile; fileRef = 79B40DCB2CAC74FC0062B8C7 /* StorageManager.swift */; };
		CE0F1B732CA9C4BE00EFADE5 /* OnboardingView.swift in Sources */ = {isa = PBXBuildFile; fileRef = CE0F1B722CA9C4BE00EFADE5 /* OnboardingView.swift */; };
		CE0F1B762CA9C4F300EFADE5 /* MainButtonView.swift in Sources */ = {isa = PBXBuildFile; fileRef = CE0F1B752CA9C4F300EFADE5 /* MainButtonView.swift */; };
		CE0F1B782CAAFDB600EFADE5 /* CustomNavigationView.swift in Sources */ = {isa = PBXBuildFile; fileRef = CE0F1B772CAAFDB600EFADE5 /* CustomNavigationView.swift */; };
		CE0F1B7B2CAB060600EFADE5 /* CustomNavigationConteinerView.swift in Sources */ = {isa = PBXBuildFile; fileRef = CE0F1B7A2CAB060600EFADE5 /* CustomNavigationConteinerView.swift */; };
		CE0F1B7D2CAB08C900EFADE5 /* CustomNavView.swift in Sources */ = {isa = PBXBuildFile; fileRef = CE0F1B7C2CAB08C900EFADE5 /* CustomNavView.swift */; };
		CE0F1B7F2CAB0EA900EFADE5 /* CustomNavigationLink.swift in Sources */ = {isa = PBXBuildFile; fileRef = CE0F1B7E2CAB0EA900EFADE5 /* CustomNavigationLink.swift */; };
		CE0F1B812CAB507A00EFADE5 /* CustomNavPreferenceKeys.swift in Sources */ = {isa = PBXBuildFile; fileRef = CE0F1B802CAB507A00EFADE5 /* CustomNavPreferenceKeys.swift */; };
		CE0F1B862CAB687300EFADE5 /* TestAppContentView.swift in Sources */ = {isa = PBXBuildFile; fileRef = CE0F1B852CAB687300EFADE5 /* TestAppContentView.swift */; };
		CE0F1B8B2CAB707F00EFADE5 /* TypeAliases.swift in Sources */ = {isa = PBXBuildFile; fileRef = CE0F1B8A2CAB707F00EFADE5 /* TypeAliases.swift */; };
		CE0F1B8D2CAC00AE00EFADE5 /* CustomNavigationLinkWithAction.swift in Sources */ = {isa = PBXBuildFile; fileRef = CE0F1B8C2CAC00AE00EFADE5 /* CustomNavigationLinkWithAction.swift */; };
		CE6DE6F42CAEB61D00684647 /* Router.swift in Sources */ = {isa = PBXBuildFile; fileRef = CE6DE6F32CAEB61D00684647 /* Router.swift */; };
		CE6DE6F72CAEC16C00684647 /* ResultGameModel.swift in Sources */ = {isa = PBXBuildFile; fileRef = CE6DE6F62CAEC16C00684647 /* ResultGameModel.swift */; };
		CECFF1822CAD62580082C2DC /* ToolBarNavigationItems.swift in Sources */ = {isa = PBXBuildFile; fileRef = CECFF1812CAD62580082C2DC /* ToolBarNavigationItems.swift */; };
		CECFF1AB2CAEA47D0082C2DC /* TestNativeNavAppView.swift in Sources */ = {isa = PBXBuildFile; fileRef = CECFF1AA2CAEA47D0082C2DC /* TestNativeNavAppView.swift */; };
		CECFF1AF2CAEA5D60082C2DC /* NavigationBackport in Frameworks */ = {isa = PBXBuildFile; productRef = CECFF1AE2CAEA5D60082C2DC /* NavigationBackport */; };
/* End PBXBuildFile section */

/* Begin PBXFileReference section */
		2275D5F92CA9931800C16C8B /* TicTacToe.app */ = {isa = PBXFileReference; explicitFileType = wrapper.application; includeInIndex = 0; path = TicTacToe.app; sourceTree = BUILT_PRODUCTS_DIR; };
		2275D5FC2CA9931800C16C8B /* TicTacToeApp.swift */ = {isa = PBXFileReference; lastKnownFileType = sourcecode.swift; path = TicTacToeApp.swift; sourceTree = "<group>"; };
		2275D6002CA9931A00C16C8B /* Assets.xcassets */ = {isa = PBXFileReference; lastKnownFileType = folder.assetcatalog; path = Assets.xcassets; sourceTree = "<group>"; };
		2275D6032CA9931A00C16C8B /* Preview Assets.xcassets */ = {isa = PBXFileReference; lastKnownFileType = folder.assetcatalog; path = "Preview Assets.xcassets"; sourceTree = "<group>"; };
		4805073D2CAC5ED6005EB458 /* Color + Ext.swift */ = {isa = PBXFileReference; lastKnownFileType = sourcecode.swift; path = "Color + Ext.swift"; sourceTree = "<group>"; };
		4805073F2CAC5ED6005EB458 /* GameModeLabel.swift */ = {isa = PBXFileReference; lastKnownFileType = sourcecode.swift; path = GameModeLabel.swift; sourceTree = "<group>"; };
		480507412CAC5ED6005EB458 /* GameModesView.swift */ = {isa = PBXFileReference; lastKnownFileType = sourcecode.swift; path = GameModesView.swift; sourceTree = "<group>"; };
		48075E8F2CAAFD9300811224 /* PlayerIconView.swift */ = {isa = PBXFileReference; lastKnownFileType = sourcecode.swift; path = PlayerIconView.swift; sourceTree = "<group>"; };
		48075E912CAAFE7200811224 /* PlayingFieldView.swift */ = {isa = PBXFileReference; lastKnownFileType = sourcecode.swift; path = PlayingFieldView.swift; sourceTree = "<group>"; };
		484AFD692CAD3CDC007CD7B4 /* Int+Ex.swift */ = {isa = PBXFileReference; lastKnownFileType = sourcecode.swift; path = "Int+Ex.swift"; sourceTree = "<group>"; };
		484AFD6B2CAD4D43007CD7B4 /* View+Ex.swift */ = {isa = PBXFileReference; lastKnownFileType = sourcecode.swift; path = "View+Ex.swift"; sourceTree = "<group>"; };
		484AFD6E2CAD5C02007CD7B4 /* ResultButton.swift */ = {isa = PBXFileReference; lastKnownFileType = sourcecode.swift; path = ResultButton.swift; sourceTree = "<group>"; };
		4876F0262CAD2FC500C13A46 /* ResultView.swift */ = {isa = PBXFileReference; lastKnownFileType = sourcecode.swift; path = ResultView.swift; sourceTree = "<group>"; };
		487C8F072CA9BE20000C3486 /* GameView.swift */ = {isa = PBXFileReference; lastKnownFileType = sourcecode.swift; path = GameView.swift; sourceTree = "<group>"; };
		4888FD8D2CAA8B7E00F1CE8B /* GameViewModel.swift */ = {isa = PBXFileReference; lastKnownFileType = sourcecode.swift; path = GameViewModel.swift; sourceTree = "<group>"; };
		4888FD8F2CAAADEE00F1CE8B /* GameSquare.swift */ = {isa = PBXFileReference; lastKnownFileType = sourcecode.swift; path = GameSquare.swift; sourceTree = "<group>"; };
		4888FD912CAAAE1100F1CE8B /* Player.swift */ = {isa = PBXFileReference; lastKnownFileType = sourcecode.swift; path = Player.swift; sourceTree = "<group>"; };
		4888FD932CAAAE2300F1CE8B /* Move.swift */ = {isa = PBXFileReference; lastKnownFileType = sourcecode.swift; path = Move.swift; sourceTree = "<group>"; };
		48DABBF42CABD38800B92FF4 /* WinningLineView.swift */ = {isa = PBXFileReference; lastKnownFileType = sourcecode.swift; path = WinningLineView.swift; sourceTree = "<group>"; };
		7945FE2A2CAD6D13004749A9 /* SettingsView.swift */ = {isa = PBXFileReference; lastKnownFileType = sourcecode.swift; path = SettingsView.swift; sourceTree = "<group>"; };
		7945FE2C2CAD80AA004749A9 /* TimerView.swift */ = {isa = PBXFileReference; lastKnownFileType = sourcecode.swift; path = TimerView.swift; sourceTree = "<group>"; };
		7945FE2F2CAD86D6004749A9 /* SkinSelectionView.swift */ = {isa = PBXFileReference; lastKnownFileType = sourcecode.swift; path = SkinSelectionView.swift; sourceTree = "<group>"; };
		79B40DC82CAC73C60062B8C7 /* Settings.swift */ = {isa = PBXFileReference; lastKnownFileType = sourcecode.swift; path = Settings.swift; sourceTree = "<group>"; };
		79B40DCB2CAC74FC0062B8C7 /* StorageManager.swift */ = {isa = PBXFileReference; lastKnownFileType = sourcecode.swift; path = StorageManager.swift; sourceTree = "<group>"; };
		CE0F1B722CA9C4BE00EFADE5 /* OnboardingView.swift */ = {isa = PBXFileReference; lastKnownFileType = sourcecode.swift; path = OnboardingView.swift; sourceTree = "<group>"; };
		CE0F1B752CA9C4F300EFADE5 /* MainButtonView.swift */ = {isa = PBXFileReference; lastKnownFileType = sourcecode.swift; path = MainButtonView.swift; sourceTree = "<group>"; };
		CE0F1B772CAAFDB600EFADE5 /* CustomNavigationView.swift */ = {isa = PBXFileReference; lastKnownFileType = sourcecode.swift; path = CustomNavigationView.swift; sourceTree = "<group>"; };
		CE0F1B7A2CAB060600EFADE5 /* CustomNavigationConteinerView.swift */ = {isa = PBXFileReference; lastKnownFileType = sourcecode.swift; path = CustomNavigationConteinerView.swift; sourceTree = "<group>"; };
		CE0F1B7C2CAB08C900EFADE5 /* CustomNavView.swift */ = {isa = PBXFileReference; lastKnownFileType = sourcecode.swift; path = CustomNavView.swift; sourceTree = "<group>"; };
		CE0F1B7E2CAB0EA900EFADE5 /* CustomNavigationLink.swift */ = {isa = PBXFileReference; lastKnownFileType = sourcecode.swift; path = CustomNavigationLink.swift; sourceTree = "<group>"; };
		CE0F1B802CAB507A00EFADE5 /* CustomNavPreferenceKeys.swift */ = {isa = PBXFileReference; lastKnownFileType = sourcecode.swift; path = CustomNavPreferenceKeys.swift; sourceTree = "<group>"; };
		CE0F1B852CAB687300EFADE5 /* TestAppContentView.swift */ = {isa = PBXFileReference; lastKnownFileType = sourcecode.swift; path = TestAppContentView.swift; sourceTree = "<group>"; };
		CE0F1B8A2CAB707F00EFADE5 /* TypeAliases.swift */ = {isa = PBXFileReference; lastKnownFileType = sourcecode.swift; path = TypeAliases.swift; sourceTree = "<group>"; };
		CE0F1B8C2CAC00AE00EFADE5 /* CustomNavigationLinkWithAction.swift */ = {isa = PBXFileReference; lastKnownFileType = sourcecode.swift; path = CustomNavigationLinkWithAction.swift; sourceTree = "<group>"; };
		CE6DE6F32CAEB61D00684647 /* Router.swift */ = {isa = PBXFileReference; lastKnownFileType = sourcecode.swift; path = Router.swift; sourceTree = "<group>"; };
		CE6DE6F62CAEC16C00684647 /* ResultGameModel.swift */ = {isa = PBXFileReference; lastKnownFileType = sourcecode.swift; path = ResultGameModel.swift; sourceTree = "<group>"; };
		CECFF1812CAD62580082C2DC /* ToolBarNavigationItems.swift */ = {isa = PBXFileReference; lastKnownFileType = sourcecode.swift; path = ToolBarNavigationItems.swift; sourceTree = "<group>"; };
		CECFF1AA2CAEA47D0082C2DC /* TestNativeNavAppView.swift */ = {isa = PBXFileReference; lastKnownFileType = sourcecode.swift; path = TestNativeNavAppView.swift; sourceTree = "<group>"; };
/* End PBXFileReference section */

/* Begin PBXFrameworksBuildPhase section */
		2275D5F62CA9931800C16C8B /* Frameworks */ = {
			isa = PBXFrameworksBuildPhase;
			buildActionMask = 2147483647;
			files = (
				CECFF1AF2CAEA5D60082C2DC /* NavigationBackport in Frameworks */,
			);
			runOnlyForDeploymentPostprocessing = 0;
		};
/* End PBXFrameworksBuildPhase section */

/* Begin PBXGroup section */
		2275D5F02CA9931800C16C8B = {
			isa = PBXGroup;
			children = (
				2275D5FB2CA9931800C16C8B /* TicTacToe */,
				2275D5FA2CA9931800C16C8B /* Products */,
			);
			sourceTree = "<group>";
		};
		2275D5FA2CA9931800C16C8B /* Products */ = {
			isa = PBXGroup;
			children = (
				2275D5F92CA9931800C16C8B /* TicTacToe.app */,
			);
			name = Products;
			sourceTree = "<group>";
		};
		2275D5FB2CA9931800C16C8B /* TicTacToe */ = {
			isa = PBXGroup;
			children = (
				2275D5FC2CA9931800C16C8B /* TicTacToeApp.swift */,
				487C8F062CA9BDC2000C3486 /* GamePage */,
				4876F0242CAD2F9800C13A46 /* Result */,
				CE0F1B742CA9C4CE00EFADE5 /* Common */,
				CE0F1B8E2CAC06FE00EFADE5 /* Extension */,
				484AFD6D2CAD5BE3007CD7B4 /* Modifiers */,
				CE0F1B712CA9C49000EFADE5 /* Onboarding */,
				480507422CAC5ED6005EB458 /* GemeMod */,
				7945FE292CAD6CF8004749A9 /* SettingsScreen */,
				79B40DCA2CAC74ED0062B8C7 /* Services */,
				79B40DC72CAC73B50062B8C7 /* Models */,
				CE0F1B822CAB682D00EFADE5 /* TestCustomNavigation */,
				CECFF1AC2CAEA4970082C2DC /* NativeNavTest */,
				2275D6002CA9931A00C16C8B /* Assets.xcassets */,
				2275D6022CA9931A00C16C8B /* Preview Content */,
			);
			path = TicTacToe;
			sourceTree = "<group>";
		};
		2275D6022CA9931A00C16C8B /* Preview Content */ = {
			isa = PBXGroup;
			children = (
				2275D6032CA9931A00C16C8B /* Preview Assets.xcassets */,
			);
			path = "Preview Content";
			sourceTree = "<group>";
		};
		480507402CAC5ED6005EB458 /* Views */ = {
			isa = PBXGroup;
			children = (
				4805073F2CAC5ED6005EB458 /* GameModeLabel.swift */,
			);
			path = Views;
			sourceTree = "<group>";
		};
		480507422CAC5ED6005EB458 /* GemeMod */ = {
			isa = PBXGroup;
			children = (
				480507402CAC5ED6005EB458 /* Views */,
				480507412CAC5ED6005EB458 /* GameModesView.swift */,
			);
			path = GemeMod;
			sourceTree = "<group>";
		};
		48075E8D2CAAFD0800811224 /* View */ = {
			isa = PBXGroup;
			children = (
				487C8F072CA9BE20000C3486 /* GameView.swift */,
				48075E912CAAFE7200811224 /* PlayingFieldView.swift */,
				48DABBF42CABD38800B92FF4 /* WinningLineView.swift */,
				48075E8F2CAAFD9300811224 /* PlayerIconView.swift */,
			);
			path = View;
			sourceTree = "<group>";
		};
		48075E8E2CAAFD0F00811224 /* ViewModel */ = {
			isa = PBXGroup;
			children = (
				4888FD8D2CAA8B7E00F1CE8B /* GameViewModel.swift */,
			);
			path = ViewModel;
			sourceTree = "<group>";
		};
		484AFD6D2CAD5BE3007CD7B4 /* Modifiers */ = {
			isa = PBXGroup;
			children = (
				484AFD6E2CAD5C02007CD7B4 /* ResultButton.swift */,
			);
			path = Modifiers;
			sourceTree = "<group>";
		};
		4876F0242CAD2F9800C13A46 /* Result */ = {
			isa = PBXGroup;
			children = (
				CE6DE6F52CAEC15600684647 /* Model */,
				4876F0252CAD2FB400C13A46 /* View */,
			);
			path = Result;
			sourceTree = "<group>";
		};
		4876F0252CAD2FB400C13A46 /* View */ = {
			isa = PBXGroup;
			children = (
				4876F0262CAD2FC500C13A46 /* ResultView.swift */,
			);
			path = View;
			sourceTree = "<group>";
		};
		487C8F062CA9BDC2000C3486 /* GamePage */ = {
			isa = PBXGroup;
			children = (
				4888FD8A2CAA882F00F1CE8B /* Model */,
				48075E8D2CAAFD0800811224 /* View */,
				48075E8E2CAAFD0F00811224 /* ViewModel */,
			);
			path = GamePage;
			sourceTree = "<group>";
		};
		4888FD8A2CAA882F00F1CE8B /* Model */ = {
			isa = PBXGroup;
			children = (
				4888FD8F2CAAADEE00F1CE8B /* GameSquare.swift */,
				4888FD932CAAAE2300F1CE8B /* Move.swift */,
				4888FD912CAAAE1100F1CE8B /* Player.swift */,
			);
			path = Model;
			sourceTree = "<group>";
		};
		7945FE292CAD6CF8004749A9 /* SettingsScreen */ = {
			isa = PBXGroup;
			children = (
				7945FE2E2CAD80AF004749A9 /* Views */,
				7945FE2A2CAD6D13004749A9 /* SettingsView.swift */,
			);
			path = SettingsScreen;
			sourceTree = "<group>";
		};
		7945FE2E2CAD80AF004749A9 /* Views */ = {
			isa = PBXGroup;
			children = (
				7945FE2C2CAD80AA004749A9 /* TimerView.swift */,
				7945FE2F2CAD86D6004749A9 /* SkinSelectionView.swift */,
			);
			path = Views;
			sourceTree = "<group>";
		};
		79B40DC72CAC73B50062B8C7 /* Models */ = {
			isa = PBXGroup;
			children = (
				79B40DC82CAC73C60062B8C7 /* Settings.swift */,
			);
			path = Models;
			sourceTree = "<group>";
		};
		79B40DCA2CAC74ED0062B8C7 /* Services */ = {
			isa = PBXGroup;
			children = (
				79B40DCB2CAC74FC0062B8C7 /* StorageManager.swift */,
			);
			path = Services;
			sourceTree = "<group>";
		};
		CE0F1B712CA9C49000EFADE5 /* Onboarding */ = {
			isa = PBXGroup;
			children = (
				CE0F1B722CA9C4BE00EFADE5 /* OnboardingView.swift */,
			);
			path = Onboarding;
			sourceTree = "<group>";
		};
		CE0F1B742CA9C4CE00EFADE5 /* Common */ = {
			isa = PBXGroup;
			children = (
				CE0F1B752CA9C4F300EFADE5 /* MainButtonView.swift */,
				CECFF1812CAD62580082C2DC /* ToolBarNavigationItems.swift */,
				CE6DE6F32CAEB61D00684647 /* Router.swift */,
			);
			path = Common;
			sourceTree = "<group>";
		};
		CE0F1B792CAB05D400EFADE5 /* CustomNavigation */ = {
			isa = PBXGroup;
			children = (
				CE0F1B772CAAFDB600EFADE5 /* CustomNavigationView.swift */,
				CE0F1B7E2CAB0EA900EFADE5 /* CustomNavigationLink.swift */,
				CE0F1B8C2CAC00AE00EFADE5 /* CustomNavigationLinkWithAction.swift */,
				CE0F1B7A2CAB060600EFADE5 /* CustomNavigationConteinerView.swift */,
				CE0F1B7C2CAB08C900EFADE5 /* CustomNavView.swift */,
				CE0F1B802CAB507A00EFADE5 /* CustomNavPreferenceKeys.swift */,
			);
			path = CustomNavigation;
			sourceTree = "<group>";
		};
		CE0F1B822CAB682D00EFADE5 /* TestCustomNavigation */ = {
			isa = PBXGroup;
			children = (
				CE0F1B792CAB05D400EFADE5 /* CustomNavigation */,
				CE0F1B852CAB687300EFADE5 /* TestAppContentView.swift */,
			);
			path = TestCustomNavigation;
			sourceTree = "<group>";
		};
		CE0F1B8E2CAC06FE00EFADE5 /* Extension */ = {
			isa = PBXGroup;
			children = (
				4805073D2CAC5ED6005EB458 /* Color + Ext.swift */,
				484AFD692CAD3CDC007CD7B4 /* Int+Ex.swift */,
				CE0F1B8A2CAB707F00EFADE5 /* TypeAliases.swift */,
				484AFD6B2CAD4D43007CD7B4 /* View+Ex.swift */,
			);
			path = Extension;
			sourceTree = "<group>";
		};
		CE6DE6F52CAEC15600684647 /* Model */ = {
			isa = PBXGroup;
			children = (
				CE6DE6F62CAEC16C00684647 /* ResultGameModel.swift */,
			);
			path = Model;
			sourceTree = "<group>";
		};
		CECFF1AC2CAEA4970082C2DC /* NativeNavTest */ = {
			isa = PBXGroup;
			children = (
				CECFF1AA2CAEA47D0082C2DC /* TestNativeNavAppView.swift */,
			);
			path = NativeNavTest;
			sourceTree = "<group>";
		};
/* End PBXGroup section */

/* Begin PBXNativeTarget section */
		2275D5F82CA9931800C16C8B /* TicTacToe */ = {
			isa = PBXNativeTarget;
			buildConfigurationList = 2275D6072CA9931A00C16C8B /* Build configuration list for PBXNativeTarget "TicTacToe" */;
			buildPhases = (
				2275D5F52CA9931800C16C8B /* Sources */,
				2275D5F62CA9931800C16C8B /* Frameworks */,
				2275D5F72CA9931800C16C8B /* Resources */,
			);
			buildRules = (
			);
			dependencies = (
			);
			name = TicTacToe;
			packageProductDependencies = (
				CECFF1AE2CAEA5D60082C2DC /* NavigationBackport */,
			);
			productName = TicTacToe;
			productReference = 2275D5F92CA9931800C16C8B /* TicTacToe.app */;
			productType = "com.apple.product-type.application";
		};
/* End PBXNativeTarget section */

/* Begin PBXProject section */
		2275D5F12CA9931800C16C8B /* Project object */ = {
			isa = PBXProject;
			attributes = {
				BuildIndependentTargetsInParallel = 1;
				LastSwiftUpdateCheck = 1540;
				LastUpgradeCheck = 1540;
				TargetAttributes = {
					2275D5F82CA9931800C16C8B = {
						CreatedOnToolsVersion = 15.4;
					};
				};
			};
			buildConfigurationList = 2275D5F42CA9931800C16C8B /* Build configuration list for PBXProject "TicTacToe" */;
			compatibilityVersion = "Xcode 14.0";
			developmentRegion = en;
			hasScannedForEncodings = 0;
			knownRegions = (
				en,
				Base,
			);
			mainGroup = 2275D5F02CA9931800C16C8B;
			packageReferences = (
				CECFF1AD2CAEA5D60082C2DC /* XCRemoteSwiftPackageReference "NavigationBackport" */,
			);
			productRefGroup = 2275D5FA2CA9931800C16C8B /* Products */;
			projectDirPath = "";
			projectRoot = "";
			targets = (
				2275D5F82CA9931800C16C8B /* TicTacToe */,
			);
		};
/* End PBXProject section */

/* Begin PBXResourcesBuildPhase section */
		2275D5F72CA9931800C16C8B /* Resources */ = {
			isa = PBXResourcesBuildPhase;
			buildActionMask = 2147483647;
			files = (
				2275D6042CA9931A00C16C8B /* Preview Assets.xcassets in Resources */,
				2275D6012CA9931A00C16C8B /* Assets.xcassets in Resources */,
			);
			runOnlyForDeploymentPostprocessing = 0;
		};
/* End PBXResourcesBuildPhase section */

/* Begin PBXSourcesBuildPhase section */
		2275D5F52CA9931800C16C8B /* Sources */ = {
			isa = PBXSourcesBuildPhase;
			buildActionMask = 2147483647;
			files = (
				48075E922CAAFE7200811224 /* PlayingFieldView.swift in Sources */,
				487C8F082CA9BE20000C3486 /* GameView.swift in Sources */,
				79B40DCC2CAC74FC0062B8C7 /* StorageManager.swift in Sources */,
				48075E902CAAFD9300811224 /* PlayerIconView.swift in Sources */,
				48DABBF52CABD38800B92FF4 /* WinningLineView.swift in Sources */,
				CE6DE6F42CAEB61D00684647 /* Router.swift in Sources */,
				CECFF1822CAD62580082C2DC /* ToolBarNavigationItems.swift in Sources */,
				4888FD8E2CAA8B7E00F1CE8B /* GameViewModel.swift in Sources */,
				4876F0272CAD2FC500C13A46 /* ResultView.swift in Sources */,
				4888FD942CAAAE2300F1CE8B /* Move.swift in Sources */,
				7945FE302CAD86D6004749A9 /* SkinSelectionView.swift in Sources */,
				4888FD922CAAAE1100F1CE8B /* Player.swift in Sources */,
				7945FE2D2CAD80AA004749A9 /* TimerView.swift in Sources */,
				4888FD902CAAADEE00F1CE8B /* GameSquare.swift in Sources */,
				480507432CAC5ED6005EB458 /* Color + Ext.swift in Sources */,
				484AFD6A2CAD3CDC007CD7B4 /* Int+Ex.swift in Sources */,
				CE0F1B8D2CAC00AE00EFADE5 /* CustomNavigationLinkWithAction.swift in Sources */,
				CE0F1B732CA9C4BE00EFADE5 /* OnboardingView.swift in Sources */,
				480507442CAC5ED6005EB458 /* GameModeLabel.swift in Sources */,
				CECFF1AB2CAEA47D0082C2DC /* TestNativeNavAppView.swift in Sources */,
				480507452CAC5ED6005EB458 /* GameModesView.swift in Sources */,
				2275D5FD2CA9931800C16C8B /* TicTacToeApp.swift in Sources */,
				CE0F1B762CA9C4F300EFADE5 /* MainButtonView.swift in Sources */,
				CE0F1B812CAB507A00EFADE5 /* CustomNavPreferenceKeys.swift in Sources */,
				CE0F1B7F2CAB0EA900EFADE5 /* CustomNavigationLink.swift in Sources */,
				79B40DC92CAC73C60062B8C7 /* Settings.swift in Sources */,
				CE0F1B782CAAFDB600EFADE5 /* CustomNavigationView.swift in Sources */,
				CE0F1B7B2CAB060600EFADE5 /* CustomNavigationConteinerView.swift in Sources */,
				CE0F1B7D2CAB08C900EFADE5 /* CustomNavView.swift in Sources */,
				CE0F1B8B2CAB707F00EFADE5 /* TypeAliases.swift in Sources */,
				CE0F1B862CAB687300EFADE5 /* TestAppContentView.swift in Sources */,
				484AFD6F2CAD5C02007CD7B4 /* ResultButton.swift in Sources */,
				CE6DE6F72CAEC16C00684647 /* ResultGameModel.swift in Sources */,
				484AFD6C2CAD4D43007CD7B4 /* View+Ex.swift in Sources */,
				7945FE2B2CAD6D13004749A9 /* SettingsView.swift in Sources */,
			);
			runOnlyForDeploymentPostprocessing = 0;
		};
/* End PBXSourcesBuildPhase section */

/* Begin XCBuildConfiguration section */
		2275D6052CA9931A00C16C8B /* Debug */ = {
			isa = XCBuildConfiguration;
			buildSettings = {
				ALWAYS_SEARCH_USER_PATHS = NO;
				ASSETCATALOG_COMPILER_GENERATE_SWIFT_ASSET_SYMBOL_EXTENSIONS = YES;
				CLANG_ANALYZER_NONNULL = YES;
				CLANG_ANALYZER_NUMBER_OBJECT_CONVERSION = YES_AGGRESSIVE;
				CLANG_CXX_LANGUAGE_STANDARD = "gnu++20";
				CLANG_ENABLE_MODULES = YES;
				CLANG_ENABLE_OBJC_ARC = YES;
				CLANG_ENABLE_OBJC_WEAK = YES;
				CLANG_WARN_BLOCK_CAPTURE_AUTORELEASING = YES;
				CLANG_WARN_BOOL_CONVERSION = YES;
				CLANG_WARN_COMMA = YES;
				CLANG_WARN_CONSTANT_CONVERSION = YES;
				CLANG_WARN_DEPRECATED_OBJC_IMPLEMENTATIONS = YES;
				CLANG_WARN_DIRECT_OBJC_ISA_USAGE = YES_ERROR;
				CLANG_WARN_DOCUMENTATION_COMMENTS = YES;
				CLANG_WARN_EMPTY_BODY = YES;
				CLANG_WARN_ENUM_CONVERSION = YES;
				CLANG_WARN_INFINITE_RECURSION = YES;
				CLANG_WARN_INT_CONVERSION = YES;
				CLANG_WARN_NON_LITERAL_NULL_CONVERSION = YES;
				CLANG_WARN_OBJC_IMPLICIT_RETAIN_SELF = YES;
				CLANG_WARN_OBJC_LITERAL_CONVERSION = YES;
				CLANG_WARN_OBJC_ROOT_CLASS = YES_ERROR;
				CLANG_WARN_QUOTED_INCLUDE_IN_FRAMEWORK_HEADER = YES;
				CLANG_WARN_RANGE_LOOP_ANALYSIS = YES;
				CLANG_WARN_STRICT_PROTOTYPES = YES;
				CLANG_WARN_SUSPICIOUS_MOVE = YES;
				CLANG_WARN_UNGUARDED_AVAILABILITY = YES_AGGRESSIVE;
				CLANG_WARN_UNREACHABLE_CODE = YES;
				CLANG_WARN__DUPLICATE_METHOD_MATCH = YES;
				COPY_PHASE_STRIP = NO;
				DEBUG_INFORMATION_FORMAT = dwarf;
				ENABLE_STRICT_OBJC_MSGSEND = YES;
				ENABLE_TESTABILITY = YES;
				ENABLE_USER_SCRIPT_SANDBOXING = YES;
				GCC_C_LANGUAGE_STANDARD = gnu17;
				GCC_DYNAMIC_NO_PIC = NO;
				GCC_NO_COMMON_BLOCKS = YES;
				GCC_OPTIMIZATION_LEVEL = 0;
				GCC_PREPROCESSOR_DEFINITIONS = (
					"DEBUG=1",
					"$(inherited)",
				);
				GCC_WARN_64_TO_32_BIT_CONVERSION = YES;
				GCC_WARN_ABOUT_RETURN_TYPE = YES_ERROR;
				GCC_WARN_UNDECLARED_SELECTOR = YES;
				GCC_WARN_UNINITIALIZED_AUTOS = YES_AGGRESSIVE;
				GCC_WARN_UNUSED_FUNCTION = YES;
				GCC_WARN_UNUSED_VARIABLE = YES;
				IPHONEOS_DEPLOYMENT_TARGET = 17.5;
				LOCALIZATION_PREFERS_STRING_CATALOGS = YES;
				MTL_ENABLE_DEBUG_INFO = INCLUDE_SOURCE;
				MTL_FAST_MATH = YES;
				ONLY_ACTIVE_ARCH = YES;
				SDKROOT = iphoneos;
				SWIFT_ACTIVE_COMPILATION_CONDITIONS = "DEBUG $(inherited)";
				SWIFT_OPTIMIZATION_LEVEL = "-Onone";
			};
			name = Debug;
		};
		2275D6062CA9931A00C16C8B /* Release */ = {
			isa = XCBuildConfiguration;
			buildSettings = {
				ALWAYS_SEARCH_USER_PATHS = NO;
				ASSETCATALOG_COMPILER_GENERATE_SWIFT_ASSET_SYMBOL_EXTENSIONS = YES;
				CLANG_ANALYZER_NONNULL = YES;
				CLANG_ANALYZER_NUMBER_OBJECT_CONVERSION = YES_AGGRESSIVE;
				CLANG_CXX_LANGUAGE_STANDARD = "gnu++20";
				CLANG_ENABLE_MODULES = YES;
				CLANG_ENABLE_OBJC_ARC = YES;
				CLANG_ENABLE_OBJC_WEAK = YES;
				CLANG_WARN_BLOCK_CAPTURE_AUTORELEASING = YES;
				CLANG_WARN_BOOL_CONVERSION = YES;
				CLANG_WARN_COMMA = YES;
				CLANG_WARN_CONSTANT_CONVERSION = YES;
				CLANG_WARN_DEPRECATED_OBJC_IMPLEMENTATIONS = YES;
				CLANG_WARN_DIRECT_OBJC_ISA_USAGE = YES_ERROR;
				CLANG_WARN_DOCUMENTATION_COMMENTS = YES;
				CLANG_WARN_EMPTY_BODY = YES;
				CLANG_WARN_ENUM_CONVERSION = YES;
				CLANG_WARN_INFINITE_RECURSION = YES;
				CLANG_WARN_INT_CONVERSION = YES;
				CLANG_WARN_NON_LITERAL_NULL_CONVERSION = YES;
				CLANG_WARN_OBJC_IMPLICIT_RETAIN_SELF = YES;
				CLANG_WARN_OBJC_LITERAL_CONVERSION = YES;
				CLANG_WARN_OBJC_ROOT_CLASS = YES_ERROR;
				CLANG_WARN_QUOTED_INCLUDE_IN_FRAMEWORK_HEADER = YES;
				CLANG_WARN_RANGE_LOOP_ANALYSIS = YES;
				CLANG_WARN_STRICT_PROTOTYPES = YES;
				CLANG_WARN_SUSPICIOUS_MOVE = YES;
				CLANG_WARN_UNGUARDED_AVAILABILITY = YES_AGGRESSIVE;
				CLANG_WARN_UNREACHABLE_CODE = YES;
				CLANG_WARN__DUPLICATE_METHOD_MATCH = YES;
				COPY_PHASE_STRIP = NO;
				DEBUG_INFORMATION_FORMAT = "dwarf-with-dsym";
				ENABLE_NS_ASSERTIONS = NO;
				ENABLE_STRICT_OBJC_MSGSEND = YES;
				ENABLE_USER_SCRIPT_SANDBOXING = YES;
				GCC_C_LANGUAGE_STANDARD = gnu17;
				GCC_NO_COMMON_BLOCKS = YES;
				GCC_WARN_64_TO_32_BIT_CONVERSION = YES;
				GCC_WARN_ABOUT_RETURN_TYPE = YES_ERROR;
				GCC_WARN_UNDECLARED_SELECTOR = YES;
				GCC_WARN_UNINITIALIZED_AUTOS = YES_AGGRESSIVE;
				GCC_WARN_UNUSED_FUNCTION = YES;
				GCC_WARN_UNUSED_VARIABLE = YES;
				IPHONEOS_DEPLOYMENT_TARGET = 17.5;
				LOCALIZATION_PREFERS_STRING_CATALOGS = YES;
				MTL_ENABLE_DEBUG_INFO = NO;
				MTL_FAST_MATH = YES;
				SDKROOT = iphoneos;
				SWIFT_COMPILATION_MODE = wholemodule;
				VALIDATE_PRODUCT = YES;
			};
			name = Release;
		};
		2275D6082CA9931A00C16C8B /* Debug */ = {
			isa = XCBuildConfiguration;
			buildSettings = {
				ASSETCATALOG_COMPILER_APPICON_NAME = AppIcon;
				ASSETCATALOG_COMPILER_GLOBAL_ACCENT_COLOR_NAME = AccentColor;
				CODE_SIGN_STYLE = Automatic;
				CURRENT_PROJECT_VERSION = 1;
				DEVELOPMENT_ASSET_PATHS = "\"TicTacToe/Preview Content\"";
				DEVELOPMENT_TEAM = GNN7DQ637Y;
				ENABLE_PREVIEWS = YES;
				GENERATE_INFOPLIST_FILE = YES;
				INFOPLIST_KEY_UIApplicationSceneManifest_Generation = YES;
				INFOPLIST_KEY_UIApplicationSupportsIndirectInputEvents = YES;
				INFOPLIST_KEY_UILaunchScreen_Generation = YES;
				INFOPLIST_KEY_UISupportedInterfaceOrientations = UIInterfaceOrientationPortrait;
				INFOPLIST_KEY_UISupportedInterfaceOrientations_iPad = "UIInterfaceOrientationLandscapeLeft UIInterfaceOrientationLandscapeRight UIInterfaceOrientationPortrait UIInterfaceOrientationPortraitUpsideDown";
				IPHONEOS_DEPLOYMENT_TARGET = 15.0;
				LD_RUNPATH_SEARCH_PATHS = (
					"$(inherited)",
					"@executable_path/Frameworks",
				);
				MARKETING_VERSION = 1.0;
				PRODUCT_BUNDLE_IDENTIFIER = gdr.TicTacToe;
				PRODUCT_NAME = "$(TARGET_NAME)";
				SUPPORTED_PLATFORMS = "iphoneos iphonesimulator";
				SUPPORTS_MACCATALYST = NO;
				SUPPORTS_MAC_DESIGNED_FOR_IPHONE_IPAD = NO;
				SUPPORTS_XR_DESIGNED_FOR_IPHONE_IPAD = NO;
				SWIFT_EMIT_LOC_STRINGS = YES;
				SWIFT_VERSION = 5.0;
				TARGETED_DEVICE_FAMILY = 1;
			};
			name = Debug;
		};
		2275D6092CA9931A00C16C8B /* Release */ = {
			isa = XCBuildConfiguration;
			buildSettings = {
				ASSETCATALOG_COMPILER_APPICON_NAME = AppIcon;
				ASSETCATALOG_COMPILER_GLOBAL_ACCENT_COLOR_NAME = AccentColor;
				CODE_SIGN_STYLE = Automatic;
				CURRENT_PROJECT_VERSION = 1;
				DEVELOPMENT_ASSET_PATHS = "\"TicTacToe/Preview Content\"";
				DEVELOPMENT_TEAM = GNN7DQ637Y;
				ENABLE_PREVIEWS = YES;
				GENERATE_INFOPLIST_FILE = YES;
				INFOPLIST_KEY_UIApplicationSceneManifest_Generation = YES;
				INFOPLIST_KEY_UIApplicationSupportsIndirectInputEvents = YES;
				INFOPLIST_KEY_UILaunchScreen_Generation = YES;
				INFOPLIST_KEY_UISupportedInterfaceOrientations = UIInterfaceOrientationPortrait;
				INFOPLIST_KEY_UISupportedInterfaceOrientations_iPad = "UIInterfaceOrientationLandscapeLeft UIInterfaceOrientationLandscapeRight UIInterfaceOrientationPortrait UIInterfaceOrientationPortraitUpsideDown";
				IPHONEOS_DEPLOYMENT_TARGET = 15.0;
				LD_RUNPATH_SEARCH_PATHS = (
					"$(inherited)",
					"@executable_path/Frameworks",
				);
				MARKETING_VERSION = 1.0;
				PRODUCT_BUNDLE_IDENTIFIER = gdr.TicTacToe;
				PRODUCT_NAME = "$(TARGET_NAME)";
				SUPPORTED_PLATFORMS = "iphoneos iphonesimulator";
				SUPPORTS_MACCATALYST = NO;
				SUPPORTS_MAC_DESIGNED_FOR_IPHONE_IPAD = NO;
				SUPPORTS_XR_DESIGNED_FOR_IPHONE_IPAD = NO;
				SWIFT_EMIT_LOC_STRINGS = YES;
				SWIFT_VERSION = 5.0;
				TARGETED_DEVICE_FAMILY = 1;
			};
			name = Release;
		};
/* End XCBuildConfiguration section */

/* Begin XCConfigurationList section */
		2275D5F42CA9931800C16C8B /* Build configuration list for PBXProject "TicTacToe" */ = {
			isa = XCConfigurationList;
			buildConfigurations = (
				2275D6052CA9931A00C16C8B /* Debug */,
				2275D6062CA9931A00C16C8B /* Release */,
			);
			defaultConfigurationIsVisible = 0;
			defaultConfigurationName = Release;
		};
		2275D6072CA9931A00C16C8B /* Build configuration list for PBXNativeTarget "TicTacToe" */ = {
			isa = XCConfigurationList;
			buildConfigurations = (
				2275D6082CA9931A00C16C8B /* Debug */,
				2275D6092CA9931A00C16C8B /* Release */,
			);
			defaultConfigurationIsVisible = 0;
			defaultConfigurationName = Release;
		};
/* End XCConfigurationList section */

/* Begin XCRemoteSwiftPackageReference section */
		CECFF1AD2CAEA5D60082C2DC /* XCRemoteSwiftPackageReference "NavigationBackport" */ = {
			isa = XCRemoteSwiftPackageReference;
			repositoryURL = "https://github.com/johnpatrickmorgan/NavigationBackport";
			requirement = {
				kind = upToNextMajorVersion;
				minimumVersion = 0.10.0;
			};
		};
/* End XCRemoteSwiftPackageReference section */

/* Begin XCSwiftPackageProductDependency section */
		CECFF1AE2CAEA5D60082C2DC /* NavigationBackport */ = {
			isa = XCSwiftPackageProductDependency;
			package = CECFF1AD2CAEA5D60082C2DC /* XCRemoteSwiftPackageReference "NavigationBackport" */;
			productName = NavigationBackport;
		};
/* End XCSwiftPackageProductDependency section */
	};
	rootObject = 2275D5F12CA9931800C16C8B /* Project object */;
}
